
Microsoft Visual Studio Solution File, Format Version 12.00
# Visual Studio Version 17
VisualStudioVersion = 17.13.35913.81
MinimumVisualStudioVersion = 10.0.40219.1
Project("{2150E333-8FDC-42A3-9474-1A3956D46DE8}") = "SRP", "SRP", "{02EA681E-C7D8-13C7-8484-4AC65E1B71E8}"
EndProject
Project("{2150E333-8FDC-42A3-9474-1A3956D46DE8}") = "OCP", "OCP", "{90E4F3FD-D5F0-4EC0-B368-6B39049A354E}"
EndProject
Project("{2150E333-8FDC-42A3-9474-1A3956D46DE8}") = "DIP", "DIP", "{7FDE075F-9E6A-4B1C-9600-13CD14BCD7E6}"
EndProject
Project("{2150E333-8FDC-42A3-9474-1A3956D46DE8}") = "LSP", "LSP", "{313BCFA0-DFD2-4AEA-913B-39B2F5365D90}"
EndProject
Project("{2150E333-8FDC-42A3-9474-1A3956D46DE8}") = "ISP", "ISP", "{01806ADB-B7DE-410C-98AB-213958D19708}"
EndProject
Project("{FAE04EC0-301F-11D3-BF4B-00C04F79EFBC}") = "Srp.Exercice01", "Srp.Exercice01\Srp.Exercice01.csproj", "{D756DAB4-F992-465B-9CDE-78D09BFFDF2A}"
EndProject
Project("{FAE04EC0-301F-11D3-BF4B-00C04F79EFBC}") = "Srp.Exercice03", "Srp.Exercice03\Srp.Exercice03.csproj", "{F0F7F0BD-6E11-4795-A5A6-79DA953E34E8}"
EndProject
Project("{FAE04EC0-301F-11D3-BF4B-00C04F79EFBC}") = "Srp.Exercice02", "Srp.Exercice02\Srp.Exercice02.csproj", "{B0DC83DB-4462-41D8-9E2A-C6DDDDF19627}"
EndProject
Project("{FAE04EC0-301F-11D3-BF4B-00C04F79EFBC}") = "Srp.Exercice04", "Srp.Exercice04\Srp.Exercice04.csproj", "{3DCD5F57-1B84-4C5F-9F65-765F60E50158}"
EndProject
Project("{FAE04EC0-301F-11D3-BF4B-00C04F79EFBC}") = "Srp.Exercice05", "Srp.Exercice05\Srp.Exercice05.csproj", "{ACFEFB8C-C6C4-462D-9701-E4C28E36CB0C}"
EndProject
Project("{FAE04EC0-301F-11D3-BF4B-00C04F79EFBC}") = "Ocp.Exercice01", "Ocp.Exercice01\Ocp.Exercice01.csproj", "{83172DBB-FC91-4315-A128-6B7D661F9997}"
EndProject
Project("{FAE04EC0-301F-11D3-BF4B-00C04F79EFBC}") = "Ocp.Exercice02", "Ocp.Exercice02\Ocp.Exercice02.csproj", "{73737533-0DD4-4AFC-9285-257A4D23785F}"
EndProject
Project("{FAE04EC0-301F-11D3-BF4B-00C04F79EFBC}") = "Ocp.Exercice03", "Ocp.Exercice03\Ocp.Exercice03.csproj", "{21F9DE4F-2A52-45CC-B86C-6A1CAFA5FD2A}"
EndProject
Project("{FAE04EC0-301F-11D3-BF4B-00C04F79EFBC}") = "Ocp.Exercice04", "Ocp.Exercice04\Ocp.Exercice04.csproj", "{94B0F514-1EF5-4CBA-B4D7-CD0567B054DC}"
EndProject
Project("{FAE04EC0-301F-11D3-BF4B-00C04F79EFBC}") = "Ocp.Exercice05", "Ocp.Exercice05\Ocp.Exercice05.csproj", "{10AA5070-C571-4971-B2E6-0D5F578C9DC4}"
EndProject
Project("{FAE04EC0-301F-11D3-BF4B-00C04F79EFBC}") = "Lsp.Exercice01", "Lsp.Exercice01\Lsp.Exercice01.csproj", "{1D4078B5-9072-4305-8E1E-846A12897C93}"
EndProject
Project("{FAE04EC0-301F-11D3-BF4B-00C04F79EFBC}") = "Lsp.Exercice02", "Lsp.Exercice02\Lsp.Exercice02.csproj", "{778C60B4-94A8-4B0B-A5DB-FDA47C8D249C}"
EndProject
Project("{FAE04EC0-301F-11D3-BF4B-00C04F79EFBC}") = "Lsp.Exercice03", "Lsp.Exercice03\Lsp.Exercice03.csproj", "{480CE09F-46EF-4CDA-B37B-8E1E4109D5A7}"
EndProject
Project("{FAE04EC0-301F-11D3-BF4B-00C04F79EFBC}") = "Lsp.Exercice04", "Lsp.Exercice04\Lsp.Exercice04.csproj", "{0FAF89F0-7A40-49C9-8110-AF771841075B}"
EndProject
Project("{FAE04EC0-301F-11D3-BF4B-00C04F79EFBC}") = "Lsp.Exercice05", "Lsp.Exercice05\Lsp.Exercice05.csproj", "{E8B7F671-CA34-4937-A170-858390C7EFB2}"
EndProject
Project("{FAE04EC0-301F-11D3-BF4B-00C04F79EFBC}") = "Isp.Exercice01", "Isp.Exercice01\Isp.Exercice01.csproj", "{B7B7D81C-1D96-4117-8C7D-64EBD3C188E3}"
EndProject
Project("{FAE04EC0-301F-11D3-BF4B-00C04F79EFBC}") = "Isp.Exercice02", "Isp.Exercice02\Isp.Exercice02.csproj", "{40F2AE3C-8E50-4BD6-BA4A-3BC3D8D69ACF}"
EndProject
Project("{FAE04EC0-301F-11D3-BF4B-00C04F79EFBC}") = "Isp.Exercice03", "Isp.Exercice03\Isp.Exercice03.csproj", "{B1A114BD-B1F6-4C3F-829B-FF0E766C04F7}"
EndProject
Project("{FAE04EC0-301F-11D3-BF4B-00C04F79EFBC}") = "Isp.Exercice04", "Isp.Exercice04\Isp.Exercice04.csproj", "{00DEDA9F-32A3-499A-B712-D9CBA4AFE180}"
EndProject
Project("{FAE04EC0-301F-11D3-BF4B-00C04F79EFBC}") = "Isp.Exercice05", "Isp.Exercice05\Isp.Exercice05.csproj", "{73C78899-3F9B-469E-B580-902F7CD62E51}"
EndProject
Project("{FAE04EC0-301F-11D3-BF4B-00C04F79EFBC}") = "Dip.Exercice01", "Dip.Exercice01\Dip.Exercice01.csproj", "{CCC849BC-EB74-43A2-BFCB-CE9A7FDD7F9E}"
EndProject
Project("{FAE04EC0-301F-11D3-BF4B-00C04F79EFBC}") = "Dip.Exercice02", "Dip.Exercice02\Dip.Exercice02.csproj", "{9D881801-B22B-4384-A097-46A5D0866002}"
EndProject
Project("{FAE04EC0-301F-11D3-BF4B-00C04F79EFBC}") = "Dip.Exercice03", "Dip.Exercice03\Dip.Exercice03.csproj", "{30EB12AE-C6E5-4746-A873-23A7463DEEB1}"
EndProject
Project("{FAE04EC0-301F-11D3-BF4B-00C04F79EFBC}") = "Dip.Exercice04", "Dip.Exercice04\Dip.Exercice04.csproj", "{23CE81CC-69D2-4039-A1E8-7FA0610264B7}"
EndProject
Project("{FAE04EC0-301F-11D3-BF4B-00C04F79EFBC}") = "Dip.Exercice05", "Dip.Exercice05\Dip.Exercice05.csproj", "{2A4A346A-2477-4F13-856D-3CF338A245E0}"
EndProject
Project("{2150E333-8FDC-42A3-9474-1A3956D46DE8}") = ".sujets", ".sujets", "{EB133983-92A6-4ADC-814B-75A0FA1C560A}"
	ProjectSection(SolutionItems) = preProject
		README.md = README.md
	EndProjectSection
EndProject
Global
	GlobalSection(SolutionConfigurationPlatforms) = preSolution
		Debug|Any CPU = Debug|Any CPU
		Release|Any CPU = Release|Any CPU
	EndGlobalSection
	GlobalSection(ProjectConfigurationPlatforms) = postSolution
		{D756DAB4-F992-465B-9CDE-78D09BFFDF2A}.Debug|Any CPU.ActiveCfg = Debug|Any CPU
		{D756DAB4-F992-465B-9CDE-78D09BFFDF2A}.Debug|Any CPU.Build.0 = Debug|Any CPU
		{D756DAB4-F992-465B-9CDE-78D09BFFDF2A}.Release|Any CPU.ActiveCfg = Release|Any CPU
		{D756DAB4-F992-465B-9CDE-78D09BFFDF2A}.Release|Any CPU.Build.0 = Release|Any CPU
		{F0F7F0BD-6E11-4795-A5A6-79DA953E34E8}.Debug|Any CPU.ActiveCfg = Debug|Any CPU
		{F0F7F0BD-6E11-4795-A5A6-79DA953E34E8}.Debug|Any CPU.Build.0 = Debug|Any CPU
		{F0F7F0BD-6E11-4795-A5A6-79DA953E34E8}.Release|Any CPU.ActiveCfg = Release|Any CPU
		{F0F7F0BD-6E11-4795-A5A6-79DA953E34E8}.Release|Any CPU.Build.0 = Release|Any CPU
		{B0DC83DB-4462-41D8-9E2A-C6DDDDF19627}.Debug|Any CPU.ActiveCfg = Debug|Any CPU
		{B0DC83DB-4462-41D8-9E2A-C6DDDDF19627}.Debug|Any CPU.Build.0 = Debug|Any CPU
		{B0DC83DB-4462-41D8-9E2A-C6DDDDF19627}.Release|Any CPU.ActiveCfg = Release|Any CPU
		{B0DC83DB-4462-41D8-9E2A-C6DDDDF19627}.Release|Any CPU.Build.0 = Release|Any CPU
		{3DCD5F57-1B84-4C5F-9F65-765F60E50158}.Debug|Any CPU.ActiveCfg = Debug|Any CPU
		{3DCD5F57-1B84-4C5F-9F65-765F60E50158}.Debug|Any CPU.Build.0 = Debug|Any CPU
		{3DCD5F57-1B84-4C5F-9F65-765F60E50158}.Release|Any CPU.ActiveCfg = Release|Any CPU
		{3DCD5F57-1B84-4C5F-9F65-765F60E50158}.Release|Any CPU.Build.0 = Release|Any CPU
		{ACFEFB8C-C6C4-462D-9701-E4C28E36CB0C}.Debug|Any CPU.ActiveCfg = Debug|Any CPU
		{ACFEFB8C-C6C4-462D-9701-E4C28E36CB0C}.Debug|Any CPU.Build.0 = Debug|Any CPU
		{ACFEFB8C-C6C4-462D-9701-E4C28E36CB0C}.Release|Any CPU.ActiveCfg = Release|Any CPU
		{ACFEFB8C-C6C4-462D-9701-E4C28E36CB0C}.Release|Any CPU.Build.0 = Release|Any CPU
		{83172DBB-FC91-4315-A128-6B7D661F9997}.Debug|Any CPU.ActiveCfg = Debug|Any CPU
		{83172DBB-FC91-4315-A128-6B7D661F9997}.Debug|Any CPU.Build.0 = Debug|Any CPU
		{83172DBB-FC91-4315-A128-6B7D661F9997}.Release|Any CPU.ActiveCfg = Release|Any CPU
		{83172DBB-FC91-4315-A128-6B7D661F9997}.Release|Any CPU.Build.0 = Release|Any CPU
		{73737533-0DD4-4AFC-9285-257A4D23785F}.Debug|Any CPU.ActiveCfg = Debug|Any CPU
		{73737533-0DD4-4AFC-9285-257A4D23785F}.Debug|Any CPU.Build.0 = Debug|Any CPU
		{73737533-0DD4-4AFC-9285-257A4D23785F}.Release|Any CPU.ActiveCfg = Release|Any CPU
		{73737533-0DD4-4AFC-9285-257A4D23785F}.Release|Any CPU.Build.0 = Release|Any CPU
		{21F9DE4F-2A52-45CC-B86C-6A1CAFA5FD2A}.Debug|Any CPU.ActiveCfg = Debug|Any CPU
		{21F9DE4F-2A52-45CC-B86C-6A1CAFA5FD2A}.Debug|Any CPU.Build.0 = Debug|Any CPU
		{21F9DE4F-2A52-45CC-B86C-6A1CAFA5FD2A}.Release|Any CPU.ActiveCfg = Release|Any CPU
		{21F9DE4F-2A52-45CC-B86C-6A1CAFA5FD2A}.Release|Any CPU.Build.0 = Release|Any CPU
		{94B0F514-1EF5-4CBA-B4D7-CD0567B054DC}.Debug|Any CPU.ActiveCfg = Debug|Any CPU
		{94B0F514-1EF5-4CBA-B4D7-CD0567B054DC}.Debug|Any CPU.Build.0 = Debug|Any CPU
		{94B0F514-1EF5-4CBA-B4D7-CD0567B054DC}.Release|Any CPU.ActiveCfg = Release|Any CPU
		{94B0F514-1EF5-4CBA-B4D7-CD0567B054DC}.Release|Any CPU.Build.0 = Release|Any CPU
		{10AA5070-C571-4971-B2E6-0D5F578C9DC4}.Debug|Any CPU.ActiveCfg = Debug|Any CPU
		{10AA5070-C571-4971-B2E6-0D5F578C9DC4}.Debug|Any CPU.Build.0 = Debug|Any CPU
		{10AA5070-C571-4971-B2E6-0D5F578C9DC4}.Release|Any CPU.ActiveCfg = Release|Any CPU
		{10AA5070-C571-4971-B2E6-0D5F578C9DC4}.Release|Any CPU.Build.0 = Release|Any CPU
		{1D4078B5-9072-4305-8E1E-846A12897C93}.Debug|Any CPU.ActiveCfg = Debug|Any CPU
		{1D4078B5-9072-4305-8E1E-846A12897C93}.Debug|Any CPU.Build.0 = Debug|Any CPU
		{1D4078B5-9072-4305-8E1E-846A12897C93}.Release|Any CPU.ActiveCfg = Release|Any CPU
		{1D4078B5-9072-4305-8E1E-846A12897C93}.Release|Any CPU.Build.0 = Release|Any CPU
		{778C60B4-94A8-4B0B-A5DB-FDA47C8D249C}.Debug|Any CPU.ActiveCfg = Debug|Any CPU
		{778C60B4-94A8-4B0B-A5DB-FDA47C8D249C}.Debug|Any CPU.Build.0 = Debug|Any CPU
		{778C60B4-94A8-4B0B-A5DB-FDA47C8D249C}.Release|Any CPU.ActiveCfg = Release|Any CPU
		{778C60B4-94A8-4B0B-A5DB-FDA47C8D249C}.Release|Any CPU.Build.0 = Release|Any CPU
		{480CE09F-46EF-4CDA-B37B-8E1E4109D5A7}.Debug|Any CPU.ActiveCfg = Debug|Any CPU
		{480CE09F-46EF-4CDA-B37B-8E1E4109D5A7}.Debug|Any CPU.Build.0 = Debug|Any CPU
		{480CE09F-46EF-4CDA-B37B-8E1E4109D5A7}.Release|Any CPU.ActiveCfg = Release|Any CPU
		{480CE09F-46EF-4CDA-B37B-8E1E4109D5A7}.Release|Any CPU.Build.0 = Release|Any CPU
		{0FAF89F0-7A40-49C9-8110-AF771841075B}.Debug|Any CPU.ActiveCfg = Debug|Any CPU
		{0FAF89F0-7A40-49C9-8110-AF771841075B}.Debug|Any CPU.Build.0 = Debug|Any CPU
		{0FAF89F0-7A40-49C9-8110-AF771841075B}.Release|Any CPU.ActiveCfg = Release|Any CPU
		{0FAF89F0-7A40-49C9-8110-AF771841075B}.Release|Any CPU.Build.0 = Release|Any CPU
		{E8B7F671-CA34-4937-A170-858390C7EFB2}.Debug|Any CPU.ActiveCfg = Debug|Any CPU
		{E8B7F671-CA34-4937-A170-858390C7EFB2}.Debug|Any CPU.Build.0 = Debug|Any CPU
		{E8B7F671-CA34-4937-A170-858390C7EFB2}.Release|Any CPU.ActiveCfg = Release|Any CPU
		{E8B7F671-CA34-4937-A170-858390C7EFB2}.Release|Any CPU.Build.0 = Release|Any CPU
		{B7B7D81C-1D96-4117-8C7D-64EBD3C188E3}.Debug|Any CPU.ActiveCfg = Debug|Any CPU
		{B7B7D81C-1D96-4117-8C7D-64EBD3C188E3}.Debug|Any CPU.Build.0 = Debug|Any CPU
		{B7B7D81C-1D96-4117-8C7D-64EBD3C188E3}.Release|Any CPU.ActiveCfg = Release|Any CPU
		{B7B7D81C-1D96-4117-8C7D-64EBD3C188E3}.Release|Any CPU.Build.0 = Release|Any CPU
		{40F2AE3C-8E50-4BD6-BA4A-3BC3D8D69ACF}.Debug|Any CPU.ActiveCfg = Debug|Any CPU
		{40F2AE3C-8E50-4BD6-BA4A-3BC3D8D69ACF}.Debug|Any CPU.Build.0 = Debug|Any CPU
		{40F2AE3C-8E50-4BD6-BA4A-3BC3D8D69ACF}.Release|Any CPU.ActiveCfg = Release|Any CPU
		{40F2AE3C-8E50-4BD6-BA4A-3BC3D8D69ACF}.Release|Any CPU.Build.0 = Release|Any CPU
		{B1A114BD-B1F6-4C3F-829B-FF0E766C04F7}.Debug|Any CPU.ActiveCfg = Debug|Any CPU
		{B1A114BD-B1F6-4C3F-829B-FF0E766C04F7}.Debug|Any CPU.Build.0 = Debug|Any CPU
		{B1A114BD-B1F6-4C3F-829B-FF0E766C04F7}.Release|Any CPU.ActiveCfg = Release|Any CPU
		{B1A114BD-B1F6-4C3F-829B-FF0E766C04F7}.Release|Any CPU.Build.0 = Release|Any CPU
		{00DEDA9F-32A3-499A-B712-D9CBA4AFE180}.Debug|Any CPU.ActiveCfg = Debug|Any CPU
		{00DEDA9F-32A3-499A-B712-D9CBA4AFE180}.Debug|Any CPU.Build.0 = Debug|Any CPU
		{00DEDA9F-32A3-499A-B712-D9CBA4AFE180}.Release|Any CPU.ActiveCfg = Release|Any CPU
		{00DEDA9F-32A3-499A-B712-D9CBA4AFE180}.Release|Any CPU.Build.0 = Release|Any CPU
		{73C78899-3F9B-469E-B580-902F7CD62E51}.Debug|Any CPU.ActiveCfg = Debug|Any CPU
		{73C78899-3F9B-469E-B580-902F7CD62E51}.Debug|Any CPU.Build.0 = Debug|Any CPU
		{73C78899-3F9B-469E-B580-902F7CD62E51}.Release|Any CPU.ActiveCfg = Release|Any CPU
		{73C78899-3F9B-469E-B580-902F7CD62E51}.Release|Any CPU.Build.0 = Release|Any CPU
		{CCC849BC-EB74-43A2-BFCB-CE9A7FDD7F9E}.Debug|Any CPU.ActiveCfg = Debug|Any CPU
		{CCC849BC-EB74-43A2-BFCB-CE9A7FDD7F9E}.Debug|Any CPU.Build.0 = Debug|Any CPU
		{CCC849BC-EB74-43A2-BFCB-CE9A7FDD7F9E}.Release|Any CPU.ActiveCfg = Release|Any CPU
		{CCC849BC-EB74-43A2-BFCB-CE9A7FDD7F9E}.Release|Any CPU.Build.0 = Release|Any CPU
		{9D881801-B22B-4384-A097-46A5D0866002}.Debug|Any CPU.ActiveCfg = Debug|Any CPU
		{9D881801-B22B-4384-A097-46A5D0866002}.Debug|Any CPU.Build.0 = Debug|Any CPU
		{9D881801-B22B-4384-A097-46A5D0866002}.Release|Any CPU.ActiveCfg = Release|Any CPU
		{9D881801-B22B-4384-A097-46A5D0866002}.Release|Any CPU.Build.0 = Release|Any CPU
		{30EB12AE-C6E5-4746-A873-23A7463DEEB1}.Debug|Any CPU.ActiveCfg = Debug|Any CPU
		{30EB12AE-C6E5-4746-A873-23A7463DEEB1}.Debug|Any CPU.Build.0 = Debug|Any CPU
		{30EB12AE-C6E5-4746-A873-23A7463DEEB1}.Release|Any CPU.ActiveCfg = Release|Any CPU
		{30EB12AE-C6E5-4746-A873-23A7463DEEB1}.Release|Any CPU.Build.0 = Release|Any CPU
		{23CE81CC-69D2-4039-A1E8-7FA0610264B7}.Debug|Any CPU.ActiveCfg = Debug|Any CPU
		{23CE81CC-69D2-4039-A1E8-7FA0610264B7}.Debug|Any CPU.Build.0 = Debug|Any CPU
		{23CE81CC-69D2-4039-A1E8-7FA0610264B7}.Release|Any CPU.ActiveCfg = Release|Any CPU
		{23CE81CC-69D2-4039-A1E8-7FA0610264B7}.Release|Any CPU.Build.0 = Release|Any CPU
		{2A4A346A-2477-4F13-856D-3CF338A245E0}.Debug|Any CPU.ActiveCfg = Debug|Any CPU
		{2A4A346A-2477-4F13-856D-3CF338A245E0}.Debug|Any CPU.Build.0 = Debug|Any CPU
		{2A4A346A-2477-4F13-856D-3CF338A245E0}.Release|Any CPU.ActiveCfg = Release|Any CPU
		{2A4A346A-2477-4F13-856D-3CF338A245E0}.Release|Any CPU.Build.0 = Release|Any CPU
	EndGlobalSection
	GlobalSection(SolutionProperties) = preSolution
		HideSolutionNode = FALSE
	EndGlobalSection
	GlobalSection(NestedProjects) = preSolution
		{D756DAB4-F992-465B-9CDE-78D09BFFDF2A} = {02EA681E-C7D8-13C7-8484-4AC65E1B71E8}
		{F0F7F0BD-6E11-4795-A5A6-79DA953E34E8} = {02EA681E-C7D8-13C7-8484-4AC65E1B71E8}
		{B0DC83DB-4462-41D8-9E2A-C6DDDDF19627} = {02EA681E-C7D8-13C7-8484-4AC65E1B71E8}
		{3DCD5F57-1B84-4C5F-9F65-765F60E50158} = {02EA681E-C7D8-13C7-8484-4AC65E1B71E8}
		{ACFEFB8C-C6C4-462D-9701-E4C28E36CB0C} = {02EA681E-C7D8-13C7-8484-4AC65E1B71E8}
		{83172DBB-FC91-4315-A128-6B7D661F9997} = {90E4F3FD-D5F0-4EC0-B368-6B39049A354E}
		{73737533-0DD4-4AFC-9285-257A4D23785F} = {90E4F3FD-D5F0-4EC0-B368-6B39049A354E}
		{21F9DE4F-2A52-45CC-B86C-6A1CAFA5FD2A} = {90E4F3FD-D5F0-4EC0-B368-6B39049A354E}
		{94B0F514-1EF5-4CBA-B4D7-CD0567B054DC} = {90E4F3FD-D5F0-4EC0-B368-6B39049A354E}
		{10AA5070-C571-4971-B2E6-0D5F578C9DC4} = {90E4F3FD-D5F0-4EC0-B368-6B39049A354E}
		{1D4078B5-9072-4305-8E1E-846A12897C93} = {313BCFA0-DFD2-4AEA-913B-39B2F5365D90}
		{778C60B4-94A8-4B0B-A5DB-FDA47C8D249C} = {313BCFA0-DFD2-4AEA-913B-39B2F5365D90}
		{480CE09F-46EF-4CDA-B37B-8E1E4109D5A7} = {313BCFA0-DFD2-4AEA-913B-39B2F5365D90}
		{0FAF89F0-7A40-49C9-8110-AF771841075B} = {313BCFA0-DFD2-4AEA-913B-39B2F5365D90}
		{E8B7F671-CA34-4937-A170-858390C7EFB2} = {313BCFA0-DFD2-4AEA-913B-39B2F5365D90}
		{B7B7D81C-1D96-4117-8C7D-64EBD3C188E3} = {01806ADB-B7DE-410C-98AB-213958D19708}
		{40F2AE3C-8E50-4BD6-BA4A-3BC3D8D69ACF} = {01806ADB-B7DE-410C-98AB-213958D19708}
		{B1A114BD-B1F6-4C3F-829B-FF0E766C04F7} = {01806ADB-B7DE-410C-98AB-213958D19708}
		{00DEDA9F-32A3-499A-B712-D9CBA4AFE180} = {01806ADB-B7DE-410C-98AB-213958D19708}
		{73C78899-3F9B-469E-B580-902F7CD62E51} = {01806ADB-B7DE-410C-98AB-213958D19708}
		{CCC849BC-EB74-43A2-BFCB-CE9A7FDD7F9E} = {7FDE075F-9E6A-4B1C-9600-13CD14BCD7E6}
		{9D881801-B22B-4384-A097-46A5D0866002} = {7FDE075F-9E6A-4B1C-9600-13CD14BCD7E6}
		{30EB12AE-C6E5-4746-A873-23A7463DEEB1} = {7FDE075F-9E6A-4B1C-9600-13CD14BCD7E6}
		{23CE81CC-69D2-4039-A1E8-7FA0610264B7} = {7FDE075F-9E6A-4B1C-9600-13CD14BCD7E6}
		{2A4A346A-2477-4F13-856D-3CF338A245E0} = {7FDE075F-9E6A-4B1C-9600-13CD14BCD7E6}
	EndGlobalSection
	GlobalSection(ExtensibilityGlobals) = postSolution
		SolutionGuid = {CEC9B878-18DC-4FC2-A9F4-1919EB13D801}
	EndGlobalSection
EndGlobal
